
Microsoft Visual Studio Solution File, Format Version 12.00
# Visual Studio Version 17
VisualStudioVersion = 17.8.34525.116
MinimumVisualStudioVersion = 10.0.40219.1
Project("{9A19103F-16F7-4668-BE54-9A1E7A4F7556}") = "CRM.api", "CRM.api\CRM.api.csproj", "{1614D245-4995-495A-B9F8-AED747706FF3}"
EndProject
Project("{FAE04EC0-301F-11D3-BF4B-00C04F79EFBC}") = "CRM.dataAccess", "CRM.dataAccess\CRM.dataAccess.csproj", "{9C026A98-130D-4C16-9456-AB965231A07D}"
EndProject
Project("{FAE04EC0-301F-11D3-BF4B-00C04F79EFBC}") = "CRM.Db", "CRM.Db\CRM.Db.csproj", "{1FE7E53B-D485-4D31-AC21-01D7B047C2DE}"
EndProject
Global
	GlobalSection(SolutionConfigurationPlatforms) = preSolution
		Debug|Any CPU = Debug|Any CPU
		Release|Any CPU = Release|Any CPU
	EndGlobalSection
	GlobalSection(ProjectConfigurationPlatforms) = postSolution
		{1614D245-4995-495A-B9F8-AED747706FF3}.Debug|Any CPU.ActiveCfg = Debug|Any CPU
		{1614D245-4995-495A-B9F8-AED747706FF3}.Debug|Any CPU.Build.0 = Debug|Any CPU
		{1614D245-4995-495A-B9F8-AED747706FF3}.Release|Any CPU.ActiveCfg = Release|Any CPU
		{1614D245-4995-495A-B9F8-AED747706FF3}.Release|Any CPU.Build.0 = Release|Any CPU
		{9C026A98-130D-4C16-9456-AB965231A07D}.Debug|Any CPU.ActiveCfg = Debug|Any CPU
		{9C026A98-130D-4C16-9456-AB965231A07D}.Debug|Any CPU.Build.0 = Debug|Any CPU
		{9C026A98-130D-4C16-9456-AB965231A07D}.Release|Any CPU.ActiveCfg = Release|Any CPU
		{9C026A98-130D-4C16-9456-AB965231A07D}.Release|Any CPU.Build.0 = Release|Any CPU
		{1FE7E53B-D485-4D31-AC21-01D7B047C2DE}.Debug|Any CPU.ActiveCfg = Debug|Any CPU
		{1FE7E53B-D485-4D31-AC21-01D7B047C2DE}.Debug|Any CPU.Build.0 = Debug|Any CPU
		{1FE7E53B-D485-4D31-AC21-01D7B047C2DE}.Release|Any CPU.ActiveCfg = Release|Any CPU
		{1FE7E53B-D485-4D31-AC21-01D7B047C2DE}.Release|Any CPU.Build.0 = Release|Any CPU
	EndGlobalSection
	GlobalSection(SolutionProperties) = preSolution
		HideSolutionNode = FALSE
	EndGlobalSection
	GlobalSection(ExtensibilityGlobals) = postSolution
		SolutionGuid = {737AC1EE-982C-443D-90A3-57DA29A963C1}
	EndGlobalSection
EndGlobal
